
Microsoft Visual Studio Solution File, Format Version 12.00
# Visual Studio Version 17
VisualStudioVersion = 17.2.32516.85
MinimumVisualStudioVersion = 10.0.40219.1
Project("{2150E333-8FDC-42A3-9474-1A3956D46DE8}") = "BehavionalPattern", "BehavionalPattern", "{2EF24BCC-C97E-4C79-922E-40545C1A097D}"
EndProject
Project("{FAE04EC0-301F-11D3-BF4B-00C04F79EFBC}") = "MediatorPattern", "MediatorPattern\MediatorPattern.csproj", "{D5C19E08-CFFF-4960-9422-F3332C83A40E}"
EndProject
Project("{FAE04EC0-301F-11D3-BF4B-00C04F79EFBC}") = "ChainOffResponsibility", "ChainOffResponsibilty\ChainOffResponsibility.csproj", "{035D46A3-2C53-4168-B4D8-921B21E07A11}"
EndProject
Project("{2150E333-8FDC-42A3-9474-1A3956D46DE8}") = "StructuralPattern", "StructuralPattern", "{51CE6F65-4E43-4102-8F3F-A0A7705D28BB}"
EndProject
Project("{FAE04EC0-301F-11D3-BF4B-00C04F79EFBC}") = "AdaptorPatterm", "AdaptorPatterm\AdaptorPatterm.csproj", "{E86E5D70-7E3A-4E2F-A3D9-1A726A66AD31}"
EndProject
Project("{FAE04EC0-301F-11D3-BF4B-00C04F79EFBC}") = "DecoratorPattern", "DecoratorPattern\DecoratorPattern.csproj", "{C222EB64-A83A-4905-9AAD-5696027286B8}"
EndProject
Global
	GlobalSection(SolutionConfigurationPlatforms) = preSolution
		Debug|Any CPU = Debug|Any CPU
		Release|Any CPU = Release|Any CPU
	EndGlobalSection
	GlobalSection(ProjectConfigurationPlatforms) = postSolution
		{D5C19E08-CFFF-4960-9422-F3332C83A40E}.Debug|Any CPU.ActiveCfg = Debug|Any CPU
		{D5C19E08-CFFF-4960-9422-F3332C83A40E}.Debug|Any CPU.Build.0 = Debug|Any CPU
		{D5C19E08-CFFF-4960-9422-F3332C83A40E}.Release|Any CPU.ActiveCfg = Release|Any CPU
		{D5C19E08-CFFF-4960-9422-F3332C83A40E}.Release|Any CPU.Build.0 = Release|Any CPU
		{035D46A3-2C53-4168-B4D8-921B21E07A11}.Debug|Any CPU.ActiveCfg = Debug|Any CPU
		{035D46A3-2C53-4168-B4D8-921B21E07A11}.Debug|Any CPU.Build.0 = Debug|Any CPU
		{035D46A3-2C53-4168-B4D8-921B21E07A11}.Release|Any CPU.ActiveCfg = Release|Any CPU
		{035D46A3-2C53-4168-B4D8-921B21E07A11}.Release|Any CPU.Build.0 = Release|Any CPU
		{E86E5D70-7E3A-4E2F-A3D9-1A726A66AD31}.Debug|Any CPU.ActiveCfg = Debug|Any CPU
		{E86E5D70-7E3A-4E2F-A3D9-1A726A66AD31}.Debug|Any CPU.Build.0 = Debug|Any CPU
		{E86E5D70-7E3A-4E2F-A3D9-1A726A66AD31}.Release|Any CPU.ActiveCfg = Release|Any CPU
		{E86E5D70-7E3A-4E2F-A3D9-1A726A66AD31}.Release|Any CPU.Build.0 = Release|Any CPU
		{C222EB64-A83A-4905-9AAD-5696027286B8}.Debug|Any CPU.ActiveCfg = Debug|Any CPU
		{C222EB64-A83A-4905-9AAD-5696027286B8}.Debug|Any CPU.Build.0 = Debug|Any CPU
		{C222EB64-A83A-4905-9AAD-5696027286B8}.Release|Any CPU.ActiveCfg = Release|Any CPU
		{C222EB64-A83A-4905-9AAD-5696027286B8}.Release|Any CPU.Build.0 = Release|Any CPU
	EndGlobalSection
	GlobalSection(SolutionProperties) = preSolution
		HideSolutionNode = FALSE
	EndGlobalSection
	GlobalSection(NestedProjects) = preSolution
		{D5C19E08-CFFF-4960-9422-F3332C83A40E} = {2EF24BCC-C97E-4C79-922E-40545C1A097D}
		{035D46A3-2C53-4168-B4D8-921B21E07A11} = {2EF24BCC-C97E-4C79-922E-40545C1A097D}
		{E86E5D70-7E3A-4E2F-A3D9-1A726A66AD31} = {51CE6F65-4E43-4102-8F3F-A0A7705D28BB}
		{C222EB64-A83A-4905-9AAD-5696027286B8} = {51CE6F65-4E43-4102-8F3F-A0A7705D28BB}
	EndGlobalSection
	GlobalSection(ExtensibilityGlobals) = postSolution
		SolutionGuid = {AC09252A-7B31-4F67-8585-C5293104ADF9}
	EndGlobalSection
EndGlobal
